
Microsoft Visual Studio Solution File, Format Version 12.00
# Visual Studio Version 16
VisualStudioVersion = 16.0.31229.75
MinimumVisualStudioVersion = 10.0.40219.1
Project("{FAE04EC0-301F-11D3-BF4B-00C04F79EFBC}") = "MongoDB", "MongoDB\MongoDB.csproj", "{7A9D9D06-D97A-4188-B12C-6934C08C4A4B}"
EndProject
Project("{FAE04EC0-301F-11D3-BF4B-00C04F79EFBC}") = "MongoRepository", "MongoRepository\MongoRepository.csproj", "{678F3ABF-30D9-4F27-835A-2481B061E128}"
EndProject
Project("{FAE04EC0-301F-11D3-BF4B-00C04F79EFBC}") = "TestCRUDConsole", "TestCRUDConsole\TestCRUDConsole.csproj", "{D6FCA905-4704-4D33-B19B-7E2744B71FC7}"
EndProject
Project("{FAE04EC0-301F-11D3-BF4B-00C04F79EFBC}") = "TestCrudConsoleSingleConnection", "TestCrudConsoleSingleConnection\TestCrudConsoleSingleConnection.csproj", "{C2A79E46-5822-4237-B012-0268FC2D34B3}"
EndProject
Global
	GlobalSection(SolutionConfigurationPlatforms) = preSolution
		Debug|Any CPU = Debug|Any CPU
		Release|Any CPU = Release|Any CPU
	EndGlobalSection
	GlobalSection(ProjectConfigurationPlatforms) = postSolution
		{7A9D9D06-D97A-4188-B12C-6934C08C4A4B}.Debug|Any CPU.ActiveCfg = Debug|Any CPU
		{7A9D9D06-D97A-4188-B12C-6934C08C4A4B}.Debug|Any CPU.Build.0 = Debug|Any CPU
		{7A9D9D06-D97A-4188-B12C-6934C08C4A4B}.Release|Any CPU.ActiveCfg = Release|Any CPU
		{7A9D9D06-D97A-4188-B12C-6934C08C4A4B}.Release|Any CPU.Build.0 = Release|Any CPU
		{678F3ABF-30D9-4F27-835A-2481B061E128}.Debug|Any CPU.ActiveCfg = Debug|Any CPU
		{678F3ABF-30D9-4F27-835A-2481B061E128}.Debug|Any CPU.Build.0 = Debug|Any CPU
		{678F3ABF-30D9-4F27-835A-2481B061E128}.Release|Any CPU.ActiveCfg = Release|Any CPU
		{678F3ABF-30D9-4F27-835A-2481B061E128}.Release|Any CPU.Build.0 = Release|Any CPU
		{D6FCA905-4704-4D33-B19B-7E2744B71FC7}.Debug|Any CPU.ActiveCfg = Debug|Any CPU
		{D6FCA905-4704-4D33-B19B-7E2744B71FC7}.Debug|Any CPU.Build.0 = Debug|Any CPU
		{D6FCA905-4704-4D33-B19B-7E2744B71FC7}.Release|Any CPU.ActiveCfg = Release|Any CPU
		{D6FCA905-4704-4D33-B19B-7E2744B71FC7}.Release|Any CPU.Build.0 = Release|Any CPU
		{C2A79E46-5822-4237-B012-0268FC2D34B3}.Debug|Any CPU.ActiveCfg = Debug|Any CPU
		{C2A79E46-5822-4237-B012-0268FC2D34B3}.Debug|Any CPU.Build.0 = Debug|Any CPU
		{C2A79E46-5822-4237-B012-0268FC2D34B3}.Release|Any CPU.ActiveCfg = Release|Any CPU
		{C2A79E46-5822-4237-B012-0268FC2D34B3}.Release|Any CPU.Build.0 = Release|Any CPU
	EndGlobalSection
	GlobalSection(SolutionProperties) = preSolution
		HideSolutionNode = FALSE
	EndGlobalSection
	GlobalSection(ExtensibilityGlobals) = postSolution
		SolutionGuid = {800A95F1-B39A-4EE6-8050-E50521B172C2}
	EndGlobalSection
EndGlobal
